// !$*UTF8*$!
{
	archiveVersion = 1;
	classes = {
	};
	objectVersion = 46;
	objects = {

/* Begin PBXBuildFile section */
		75DFF8E61C2225A500F54393 /* SegundoViewController.swift in Sources */ = {isa = PBXBuildFile; fileRef = 75DFF8E51C2225A500F54393 /* SegundoViewController.swift */; };
		EB819BBC1C18E099000E9442 /* dog.jpg in Resources */ = {isa = PBXBuildFile; fileRef = EB819BBB1C18E099000E9442 /* dog.jpg */; };
		EB819BBE1C18E09E000E9442 /* bebe.jpg in Resources */ = {isa = PBXBuildFile; fileRef = EB819BBD1C18E09E000E9442 /* bebe.jpg */; };
		EBE520C41C067B1F009E47FF /* AppDelegate.swift in Sources */ = {isa = PBXBuildFile; fileRef = EBE520C31C067B1F009E47FF /* AppDelegate.swift */; };
		EBE520C61C067B1F009E47FF /* ViewController.swift in Sources */ = {isa = PBXBuildFile; fileRef = EBE520C51C067B1F009E47FF /* ViewController.swift */; };
		EBE520C91C067B1F009E47FF /* Main.storyboard in Resources */ = {isa = PBXBuildFile; fileRef = EBE520C71C067B1F009E47FF /* Main.storyboard */; };
		EBE520CB1C067B1F009E47FF /* Assets.xcassets in Resources */ = {isa = PBXBuildFile; fileRef = EBE520CA1C067B1F009E47FF /* Assets.xcassets */; };
		EBE520CE1C067B1F009E47FF /* LaunchScreen.storyboard in Resources */ = {isa = PBXBuildFile; fileRef = EBE520CC1C067B1F009E47FF /* LaunchScreen.storyboard */; };
/* End PBXBuildFile section */

/* Begin PBXFileReference section */
		75DFF8E51C2225A500F54393 /* SegundoViewController.swift */ = {isa = PBXFileReference; fileEncoding = 4; lastKnownFileType = sourcecode.swift; path = SegundoViewController.swift; sourceTree = "<group>"; };
		EB819BBB1C18E099000E9442 /* dog.jpg */ = {isa = PBXFileReference; lastKnownFileType = image.jpeg; path = dog.jpg; sourceTree = "<group>"; };
		EB819BBD1C18E09E000E9442 /* bebe.jpg */ = {isa = PBXFileReference; lastKnownFileType = image.jpeg; path = bebe.jpg; sourceTree = "<group>"; };
		EBE520C01C067B1F009E47FF /* FiltroApp (Xcode 7.2).app */ = {isa = PBXFileReference; explicitFileType = wrapper.application; includeInIndex = 0; path = "FiltroApp (Xcode 7.2).app"; sourceTree = BUILT_PRODUCTS_DIR; };
		EBE520C31C067B1F009E47FF /* AppDelegate.swift */ = {isa = PBXFileReference; lastKnownFileType = sourcecode.swift; path = AppDelegate.swift; sourceTree = "<group>"; };
		EBE520C51C067B1F009E47FF /* ViewController.swift */ = {isa = PBXFileReference; lastKnownFileType = sourcecode.swift; path = ViewController.swift; sourceTree = "<group>"; };
		EBE520C81C067B1F009E47FF /* Base */ = {isa = PBXFileReference; lastKnownFileType = file.storyboard; name = Base; path = Base.lproj/Main.storyboard; sourceTree = "<group>"; };
		EBE520CA1C067B1F009E47FF /* Assets.xcassets */ = {isa = PBXFileReference; lastKnownFileType = folder.assetcatalog; path = Assets.xcassets; sourceTree = "<group>"; };
		EBE520CD1C067B1F009E47FF /* Base */ = {isa = PBXFileReference; lastKnownFileType = file.storyboard; name = Base; path = Base.lproj/LaunchScreen.storyboard; sourceTree = "<group>"; };
		EBE520CF1C067B1F009E47FF /* Info.plist */ = {isa = PBXFileReference; lastKnownFileType = text.plist.xml; path = Info.plist; sourceTree = "<group>"; };
/* End PBXFileReference section */

/* Begin PBXFrameworksBuildPhase section */
		EBE520BD1C067B1F009E47FF /* Frameworks */ = {
			isa = PBXFrameworksBuildPhase;
			buildActionMask = 2147483647;
			files = (
			);
			runOnlyForDeploymentPostprocessing = 0;
		};
/* End PBXFrameworksBuildPhase section */

/* Begin PBXGroup section */
		EBE520B71C067B1F009E47FF = {
			isa = PBXGroup;
			children = (
				EBE520C21C067B1F009E47FF /* NossoPrimeiroApp */,
				EBE520C11C067B1F009E47FF /* Products */,
			);
			sourceTree = "<group>";
		};
		EBE520C11C067B1F009E47FF /* Products */ = {
			isa = PBXGroup;
			children = (
				EBE520C01C067B1F009E47FF /* FiltroApp (Xcode 7.2).app */,
			);
			name = Products;
			sourceTree = "<group>";
		};
		EBE520C21C067B1F009E47FF /* NossoPrimeiroApp */ = {
			isa = PBXGroup;
			children = (
				EB819BBB1C18E099000E9442 /* dog.jpg */,
				EB819BBD1C18E09E000E9442 /* bebe.jpg */,
				EBE520C31C067B1F009E47FF /* AppDelegate.swift */,
				EBE520C51C067B1F009E47FF /* ViewController.swift */,
				75DFF8E51C2225A500F54393 /* SegundoViewController.swift */,
				EBE520C71C067B1F009E47FF /* Main.storyboard */,
				EBE520CA1C067B1F009E47FF /* Assets.xcassets */,
				EBE520CC1C067B1F009E47FF /* LaunchScreen.storyboard */,
				EBE520CF1C067B1F009E47FF /* Info.plist */,
			);
			path = NossoPrimeiroApp;
			sourceTree = "<group>";
		};
/* End PBXGroup section */

/* Begin PBXNativeTarget section */
		EBE520BF1C067B1F009E47FF /* FiltroApp (Xcode 7.2) */ = {
			isa = PBXNativeTarget;
			buildConfigurationList = EBE520D21C067B1F009E47FF /* Build configuration list for PBXNativeTarget "FiltroApp (Xcode 7.2)" */;
			buildPhases = (
				EBE520BC1C067B1F009E47FF /* Sources */,
				EBE520BD1C067B1F009E47FF /* Frameworks */,
				EBE520BE1C067B1F009E47FF /* Resources */,
			);
			buildRules = (
			);
			dependencies = (
			);
			name = "FiltroApp (Xcode 7.2)";
			productName = NossoPrimeiroApp;
			productReference = EBE520C01C067B1F009E47FF /* FiltroApp (Xcode 7.2).app */;
			productType = "com.apple.product-type.application";
		};
/* End PBXNativeTarget section */

/* Begin PBXProject section */
		EBE520B81C067B1F009E47FF /* Project object */ = {
			isa = PBXProject;
			attributes = {
				LastSwiftUpdateCheck = 0710;
				LastUpgradeCheck = 0710;
				ORGANIZATIONNAME = Mobgeek;
				TargetAttributes = {
					EBE520BF1C067B1F009E47FF = {
						CreatedOnToolsVersion = 7.1;
					};
				};
			};
			buildConfigurationList = EBE520BB1C067B1F009E47FF /* Build configuration list for PBXProject "FiltroApp (Xcode 7.2)" */;
			compatibilityVersion = "Xcode 3.2";
			developmentRegion = English;
			hasScannedForEncodings = 0;
			knownRegions = (
				en,
				Base,
			);
			mainGroup = EBE520B71C067B1F009E47FF;
			productRefGroup = EBE520C11C067B1F009E47FF /* Products */;
			projectDirPath = "";
			projectRoot = "";
			targets = (
				EBE520BF1C067B1F009E47FF /* FiltroApp (Xcode 7.2) */,
			);
		};
/* End PBXProject section */

/* Begin PBXResourcesBuildPhase section */
		EBE520BE1C067B1F009E47FF /* Resources */ = {
			isa = PBXResourcesBuildPhase;
			buildActionMask = 2147483647;
			files = (
				EB819BBC1C18E099000E9442 /* dog.jpg in Resources */,
				EB819BBE1C18E09E000E9442 /* bebe.jpg in Resources */,
				EBE520CE1C067B1F009E47FF /* LaunchScreen.storyboard in Resources */,
				EBE520CB1C067B1F009E47FF /* Assets.xcassets in Resources */,
				EBE520C91C067B1F009E47FF /* Main.storyboard in Resources */,
			);
			runOnlyForDeploymentPostprocessing = 0;
		};
/* End PBXResourcesBuildPhase section */

/* Begin PBXSourcesBuildPhase section */
		EBE520BC1C067B1F009E47FF /* Sources */ = {
			isa = PBXSourcesBuildPhase;
			buildActionMask = 2147483647;
			files = (
				EBE520C61C067B1F009E47FF /* ViewController.swift in Sources */,
				EBE520C41C067B1F009E47FF /* AppDelegate.swift in Sources */,
				75DFF8E61C2225A500F54393 /* SegundoViewController.swift in Sources */,
			);
			runOnlyForDeploymentPostprocessing = 0;
		};
/* End PBXSourcesBuildPhase section */

/* Begin PBXVariantGroup section */
		EBE520C71C067B1F009E47FF /* Main.storyboard */ = {
			isa = PBXVariantGroup;
			children = (
				EBE520C81C067B1F009E47FF /* Base */,
			);
			name = Main.storyboard;
			sourceTree = "<group>";
		};
		EBE520CC1C067B1F009E47FF /* LaunchScreen.storyboard */ = {
			isa = PBXVariantGroup;
			children = (
				EBE520CD1C067B1F009E47FF /* Base */,
			);
			name = LaunchScreen.storyboard;
			sourceTree = "<group>";
		};
/* End PBXVariantGroup section */

/* Begin XCBuildConfiguration section */
		EBE520D01C067B1F009E47FF /* Debug */ = {
			isa = XCBuildConfiguration;
			buildSettings = {
				ALWAYS_SEARCH_USER_PATHS = NO;
				CLANG_CXX_LANGUAGE_STANDARD = "gnu++0x";
				CLANG_CXX_LIBRARY = "libc++";
				CLANG_ENABLE_MODULES = YES;
				CLANG_ENABLE_OBJC_ARC = YES;
				CLANG_WARN_BOOL_CONVERSION = YES;
				CLANG_WARN_CONSTANT_CONVERSION = YES;
				CLANG_WARN_DIRECT_OBJC_ISA_USAGE = YES_ERROR;
				CLANG_WARN_EMPTY_BODY = YES;
				CLANG_WARN_ENUM_CONVERSION = YES;
				CLANG_WARN_INT_CONVERSION = YES;
				CLANG_WARN_OBJC_ROOT_CLASS = YES_ERROR;
				CLANG_WARN_UNREACHABLE_CODE = YES;
				CLANG_WARN__DUPLICATE_METHOD_MATCH = YES;
				"CODE_SIGN_IDENTITY[sdk=iphoneos*]" = "iPhone Developer";
				COPY_PHASE_STRIP = NO;
				DEBUG_INFORMATION_FORMAT = dwarf;
				ENABLE_STRICT_OBJC_MSGSEND = YES;
				ENABLE_TESTABILITY = YES;
				GCC_C_LANGUAGE_STANDARD = gnu99;
				GCC_DYNAMIC_NO_PIC = NO;
				GCC_NO_COMMON_BLOCKS = YES;
				GCC_OPTIMIZATION_LEVEL = 0;
				GCC_PREPROCESSOR_DEFINITIONS = (
					"DEBUG=1",
					"$(inherited)",
				);
				GCC_WARN_64_TO_32_BIT_CONVERSION = YES;
				GCC_WARN_ABOUT_RETURN_TYPE = YES_ERROR;
				GCC_WARN_UNDECLARED_SELECTOR = YES;
				GCC_WARN_UNINITIALIZED_AUTOS = YES_AGGRESSIVE;
				GCC_WARN_UNUSED_FUNCTION = YES;
				GCC_WARN_UNUSED_VARIABLE = YES;
				IPHONEOS_DEPLOYMENT_TARGET = 9.1;
				MTL_ENABLE_DEBUG_INFO = YES;
				ONLY_ACTIVE_ARCH = YES;
				SDKROOT = iphoneos;
				SWIFT_OPTIMIZATION_LEVEL = "-Onone";
			};
			name = Debug;
		};
		EBE520D11C067B1F009E47FF /* Release */ = {
			isa = XCBuildConfiguration;
			buildSettings = {
				ALWAYS_SEARCH_USER_PATHS = NO;
				CLANG_CXX_LANGUAGE_STANDARD = "gnu++0x";
				CLANG_CXX_LIBRARY = "libc++";
				CLANG_ENABLE_MODULES = YES;
				CLANG_ENABLE_OBJC_ARC = YES;
				CLANG_WARN_BOOL_CONVERSION = YES;
				CLANG_WARN_CONSTANT_CONVERSION = YES;
				CLANG_WARN_DIRECT_OBJC_ISA_USAGE = YES_ERROR;
				CLANG_WARN_EMPTY_BODY = YES;
				CLANG_WARN_ENUM_CONVERSION = YES;
				CLANG_WARN_INT_CONVERSION = YES;
				CLANG_WARN_OBJC_ROOT_CLASS = YES_ERROR;
				CLANG_WARN_UNREACHABLE_CODE = YES;
				CLANG_WARN__DUPLICATE_METHOD_MATCH = YES;
				"CODE_SIGN_IDENTITY[sdk=iphoneos*]" = "iPhone Developer";
				COPY_PHASE_STRIP = NO;
				DEBUG_INFORMATION_FORMAT = "dwarf-with-dsym";
				ENABLE_NS_ASSERTIONS = NO;
				ENABLE_STRICT_OBJC_MSGSEND = YES;
				GCC_C_LANGUAGE_STANDARD = gnu99;
				GCC_NO_COMMON_BLOCKS = YES;
				GCC_WARN_64_TO_32_BIT_CONVERSION = YES;
				GCC_WARN_ABOUT_RETURN_TYPE = YES_ERROR;
				GCC_WARN_UNDECLARED_SELECTOR = YES;
				GCC_WARN_UNINITIALIZED_AUTOS = YES_AGGRESSIVE;
				GCC_WARN_UNUSED_FUNCTION = YES;
				GCC_WARN_UNUSED_VARIABLE = YES;
				IPHONEOS_DEPLOYMENT_TARGET = 9.1;
				MTL_ENABLE_DEBUG_INFO = NO;
				SDKROOT = iphoneos;
				VALIDATE_PRODUCT = YES;
			};
			name = Release;
		};
		EBE520D31C067B1F009E47FF /* Debug */ = {
			isa = XCBuildConfiguration;
			buildSettings = {
				ASSETCATALOG_COMPILER_APPICON_NAME = AppIcon;
				INFOPLIST_FILE = NossoPrimeiroApp/Info.plist;
				LD_RUNPATH_SEARCH_PATHS = "$(inherited) @executable_path/Frameworks";
				PRODUCT_BUNDLE_IDENTIFIER = br.com.mobgeek.FiltroAppXcode7.2;
				PRODUCT_NAME = "FiltroApp (Xcode 7.2)";
			};
			name = Debug;
		};
		EBE520D41C067B1F009E47FF /* Release */ = {
			isa = XCBuildConfiguration;
			buildSettings = {
				ASSETCATALOG_COMPILER_APPICON_NAME = AppIcon;
				INFOPLIST_FILE = NossoPrimeiroApp/Info.plist;
				LD_RUNPATH_SEARCH_PATHS = "$(inherited) @executable_path/Frameworks";
				PRODUCT_BUNDLE_IDENTIFIER = br.com.mobgeek.FiltroAppXcode7.2;
				PRODUCT_NAME = "FiltroApp (Xcode 7.2)";
			};
			name = Release;
		};
/* End XCBuildConfiguration section */

/* Begin XCConfigurationList section */
		EBE520BB1C067B1F009E47FF /* Build configuration list for PBXProject "FiltroApp (Xcode 7.2)" */ = {
			isa = XCConfigurationList;
			buildConfigurations = (
				EBE520D01C067B1F009E47FF /* Debug */,
				EBE520D11C067B1F009E47FF /* Release */,
			);
			defaultConfigurationIsVisible = 0;
			defaultConfigurationName = Release;
		};
		EBE520D21C067B1F009E47FF /* Build configuration list for PBXNativeTarget "FiltroApp (Xcode 7.2)" */ = {
			isa = XCConfigurationList;
			buildConfigurations = (
				EBE520D31C067B1F009E47FF /* Debug */,
				EBE520D41C067B1F009E47FF /* Release */,
			);
			defaultConfigurationIsVisible = 0;
			defaultConfigurationName = Release;
		};
/* End XCConfigurationList section */
	};
	rootObject = EBE520B81C067B1F009E47FF /* Project object */;
}
