// !$*UTF8*$!
{
	archiveVersion = 1;
	classes = {
	};
	objectVersion = 46;
	objects = {

/* Begin PBXBuildFile section */
		EB36C8531B11728500251791 /* AppDelegate.swift in Sources */ = {isa = PBXBuildFile; fileRef = EB36C8521B11728500251791 /* AppDelegate.swift */; };
		EB36C8551B11728500251791 /* ViewController.swift in Sources */ = {isa = PBXBuildFile; fileRef = EB36C8541B11728500251791 /* ViewController.swift */; };
		EB36C8581B11728500251791 /* Main.storyboard in Resources */ = {isa = PBXBuildFile; fileRef = EB36C8561B11728500251791 /* Main.storyboard */; };
		EB36C85A1B11728500251791 /* Images.xcassets in Resources */ = {isa = PBXBuildFile; fileRef = EB36C8591B11728500251791 /* Images.xcassets */; };
		EB36C85D1B11728500251791 /* LaunchScreen.xib in Resources */ = {isa = PBXBuildFile; fileRef = EB36C85B1B11728500251791 /* LaunchScreen.xib */; };
		EB36C8691B11728600251791 /* HelloSwiftTests.swift in Sources */ = {isa = PBXBuildFile; fileRef = EB36C8681B11728600251791 /* HelloSwiftTests.swift */; };
/* End PBXBuildFile section */

/* Begin PBXContainerItemProxy section */
		EB36C8631B11728500251791 /* PBXContainerItemProxy */ = {
			isa = PBXContainerItemProxy;
			containerPortal = EB36C8451B11728500251791 /* Project object */;
			proxyType = 1;
			remoteGlobalIDString = EB36C84C1B11728500251791;
			remoteInfo = HelloSwift;
		};
/* End PBXContainerItemProxy section */

/* Begin PBXFileReference section */
		EB36C84D1B11728500251791 /* HelloSwift.app */ = {isa = PBXFileReference; explicitFileType = wrapper.application; includeInIndex = 0; path = HelloSwift.app; sourceTree = BUILT_PRODUCTS_DIR; };
		EB36C8511B11728500251791 /* Info.plist */ = {isa = PBXFileReference; lastKnownFileType = text.plist.xml; path = Info.plist; sourceTree = "<group>"; };
		EB36C8521B11728500251791 /* AppDelegate.swift */ = {isa = PBXFileReference; lastKnownFileType = sourcecode.swift; path = AppDelegate.swift; sourceTree = "<group>"; };
		EB36C8541B11728500251791 /* ViewController.swift */ = {isa = PBXFileReference; lastKnownFileType = sourcecode.swift; path = ViewController.swift; sourceTree = "<group>"; };
		EB36C8571B11728500251791 /* Base */ = {isa = PBXFileReference; lastKnownFileType = file.storyboard; name = Base; path = Base.lproj/Main.storyboard; sourceTree = "<group>"; };
		EB36C8591B11728500251791 /* Images.xcassets */ = {isa = PBXFileReference; lastKnownFileType = folder.assetcatalog; path = Images.xcassets; sourceTree = "<group>"; };
		EB36C85C1B11728500251791 /* Base */ = {isa = PBXFileReference; lastKnownFileType = file.xib; name = Base; path = Base.lproj/LaunchScreen.xib; sourceTree = "<group>"; };
		EB36C8621B11728500251791 /* HelloSwiftTests.xctest */ = {isa = PBXFileReference; explicitFileType = wrapper.cfbundle; includeInIndex = 0; path = HelloSwiftTests.xctest; sourceTree = BUILT_PRODUCTS_DIR; };
		EB36C8671B11728500251791 /* Info.plist */ = {isa = PBXFileReference; lastKnownFileType = text.plist.xml; path = Info.plist; sourceTree = "<group>"; };
		EB36C8681B11728600251791 /* HelloSwiftTests.swift */ = {isa = PBXFileReference; lastKnownFileType = sourcecode.swift; path = HelloSwiftTests.swift; sourceTree = "<group>"; };
/* End PBXFileReference section */

/* Begin PBXFrameworksBuildPhase section */
		EB36C84A1B11728500251791 /* Frameworks */ = {
			isa = PBXFrameworksBuildPhase;
			buildActionMask = 2147483647;
			files = (
			);
			runOnlyForDeploymentPostprocessing = 0;
		};
		EB36C85F1B11728500251791 /* Frameworks */ = {
			isa = PBXFrameworksBuildPhase;
			buildActionMask = 2147483647;
			files = (
			);
			runOnlyForDeploymentPostprocessing = 0;
		};
/* End PBXFrameworksBuildPhase section */

/* Begin PBXGroup section */
		EB36C8441B11728500251791 = {
			isa = PBXGroup;
			children = (
				EB36C84F1B11728500251791 /* HelloSwift */,
				EB36C8651B11728500251791 /* HelloSwiftTests */,
				EB36C84E1B11728500251791 /* Products */,
			);
			sourceTree = "<group>";
		};
		EB36C84E1B11728500251791 /* Products */ = {
			isa = PBXGroup;
			children = (
				EB36C84D1B11728500251791 /* HelloSwift.app */,
				EB36C8621B11728500251791 /* HelloSwiftTests.xctest */,
			);
			name = Products;
			sourceTree = "<group>";
		};
		EB36C84F1B11728500251791 /* HelloSwift */ = {
			isa = PBXGroup;
			children = (
				EB36C8521B11728500251791 /* AppDelegate.swift */,
				EB36C8541B11728500251791 /* ViewController.swift */,
				EB36C8561B11728500251791 /* Main.storyboard */,
				EB36C8591B11728500251791 /* Images.xcassets */,
				EB36C85B1B11728500251791 /* LaunchScreen.xib */,
				EB36C8501B11728500251791 /* Supporting Files */,
			);
			path = HelloSwift;
			sourceTree = "<group>";
		};
		EB36C8501B11728500251791 /* Supporting Files */ = {
			isa = PBXGroup;
			children = (
				EB36C8511B11728500251791 /* Info.plist */,
			);
			name = "Supporting Files";
			sourceTree = "<group>";
		};
		EB36C8651B11728500251791 /* HelloSwiftTests */ = {
			isa = PBXGroup;
			children = (
				EB36C8681B11728600251791 /* HelloSwiftTests.swift */,
				EB36C8661B11728500251791 /* Supporting Files */,
			);
			path = HelloSwiftTests;
			sourceTree = "<group>";
		};
		EB36C8661B11728500251791 /* Supporting Files */ = {
			isa = PBXGroup;
			children = (
				EB36C8671B11728500251791 /* Info.plist */,
			);
			name = "Supporting Files";
			sourceTree = "<group>";
		};
/* End PBXGroup section */

/* Begin PBXNativeTarget section */
		EB36C84C1B11728500251791 /* HelloSwift */ = {
			isa = PBXNativeTarget;
			buildConfigurationList = EB36C86C1B11728600251791 /* Build configuration list for PBXNativeTarget "HelloSwift" */;
			buildPhases = (
				EB36C8491B11728500251791 /* Sources */,
				EB36C84A1B11728500251791 /* Frameworks */,
				EB36C84B1B11728500251791 /* Resources */,
			);
			buildRules = (
			);
			dependencies = (
			);
			name = HelloSwift;
			productName = HelloSwift;
			productReference = EB36C84D1B11728500251791 /* HelloSwift.app */;
			productType = "com.apple.product-type.application";
		};
		EB36C8611B11728500251791 /* HelloSwiftTests */ = {
			isa = PBXNativeTarget;
			buildConfigurationList = EB36C86F1B11728600251791 /* Build configuration list for PBXNativeTarget "HelloSwiftTests" */;
			buildPhases = (
				EB36C85E1B11728500251791 /* Sources */,
				EB36C85F1B11728500251791 /* Frameworks */,
				EB36C8601B11728500251791 /* Resources */,
			);
			buildRules = (
			);
			dependencies = (
				EB36C8641B11728500251791 /* PBXTargetDependency */,
			);
			name = HelloSwiftTests;
			productName = HelloSwiftTests;
			productReference = EB36C8621B11728500251791 /* HelloSwiftTests.xctest */;
			productType = "com.apple.product-type.bundle.unit-test";
		};
/* End PBXNativeTarget section */

/* Begin PBXProject section */
		EB36C8451B11728500251791 /* Project object */ = {
			isa = PBXProject;
			attributes = {
				LastUpgradeCheck = 0630;
				ORGANIZATIONNAME = Mobgeek;
				TargetAttributes = {
					EB36C84C1B11728500251791 = {
						CreatedOnToolsVersion = 6.3.2;
					};
					EB36C8611B11728500251791 = {
						CreatedOnToolsVersion = 6.3.2;
						TestTargetID = EB36C84C1B11728500251791;
					};
				};
			};
			buildConfigurationList = EB36C8481B11728500251791 /* Build configuration list for PBXProject "HelloSwift" */;
			compatibilityVersion = "Xcode 3.2";
			developmentRegion = English;
			hasScannedForEncodings = 0;
			knownRegions = (
				en,
				Base,
			);
			mainGroup = EB36C8441B11728500251791;
			productRefGroup = EB36C84E1B11728500251791 /* Products */;
			projectDirPath = "";
			projectRoot = "";
			targets = (
				EB36C84C1B11728500251791 /* HelloSwift */,
				EB36C8611B11728500251791 /* HelloSwiftTests */,
			);
		};
/* End PBXProject section */

/* Begin PBXResourcesBuildPhase section */
		EB36C84B1B11728500251791 /* Resources */ = {
			isa = PBXResourcesBuildPhase;
			buildActionMask = 2147483647;
			files = (
				EB36C8581B11728500251791 /* Main.storyboard in Resources */,
				EB36C85D1B11728500251791 /* LaunchScreen.xib in Resources */,
				EB36C85A1B11728500251791 /* Images.xcassets in Resources */,
			);
			runOnlyForDeploymentPostprocessing = 0;
		};
		EB36C8601B11728500251791 /* Resources */ = {
			isa = PBXResourcesBuildPhase;
			buildActionMask = 2147483647;
			files = (
			);
			runOnlyForDeploymentPostprocessing = 0;
		};
/* End PBXResourcesBuildPhase section */

/* Begin PBXSourcesBuildPhase section */
		EB36C8491B11728500251791 /* Sources */ = {
			isa = PBXSourcesBuildPhase;
			buildActionMask = 2147483647;
			files = (
				EB36C8551B11728500251791 /* ViewController.swift in Sources */,
				EB36C8531B11728500251791 /* AppDelegate.swift in Sources */,
			);
			runOnlyForDeploymentPostprocessing = 0;
		};
		EB36C85E1B11728500251791 /* Sources */ = {
			isa = PBXSourcesBuildPhase;
			buildActionMask = 2147483647;
			files = (
				EB36C8691B11728600251791 /* HelloSwiftTests.swift in Sources */,
			);
			runOnlyForDeploymentPostprocessing = 0;
		};
/* End PBXSourcesBuildPhase section */

/* Begin PBXTargetDependency section */
		EB36C8641B11728500251791 /* PBXTargetDependency */ = {
			isa = PBXTargetDependency;
			target = EB36C84C1B11728500251791 /* HelloSwift */;
			targetProxy = EB36C8631B11728500251791 /* PBXContainerItemProxy */;
		};
/* End PBXTargetDependency section */

/* Begin PBXVariantGroup section */
		EB36C8561B11728500251791 /* Main.storyboard */ = {
			isa = PBXVariantGroup;
			children = (
				EB36C8571B11728500251791 /* Base */,
			);
			name = Main.storyboard;
			sourceTree = "<group>";
		};
		EB36C85B1B11728500251791 /* LaunchScreen.xib */ = {
			isa = PBXVariantGroup;
			children = (
				EB36C85C1B11728500251791 /* Base */,
			);
			name = LaunchScreen.xib;
			sourceTree = "<group>";
		};
/* End PBXVariantGroup section */

/* Begin XCBuildConfiguration section */
		EB36C86A1B11728600251791 /* Debug */ = {
			isa = XCBuildConfiguration;
			buildSettings = {
				ALWAYS_SEARCH_USER_PATHS = NO;
				CLANG_CXX_LANGUAGE_STANDARD = "gnu++0x";
				CLANG_CXX_LIBRARY = "libc++";
				CLANG_ENABLE_MODULES = YES;
				CLANG_ENABLE_OBJC_ARC = YES;
				CLANG_WARN_BOOL_CONVERSION = YES;
				CLANG_WARN_CONSTANT_CONVERSION = YES;
				CLANG_WARN_DIRECT_OBJC_ISA_USAGE = YES_ERROR;
				CLANG_WARN_EMPTY_BODY = YES;
				CLANG_WARN_ENUM_CONVERSION = YES;
				CLANG_WARN_INT_CONVERSION = YES;
				CLANG_WARN_OBJC_ROOT_CLASS = YES_ERROR;
				CLANG_WARN_UNREACHABLE_CODE = YES;
				CLANG_WARN__DUPLICATE_METHOD_MATCH = YES;
				"CODE_SIGN_IDENTITY[sdk=iphoneos*]" = "iPhone Developer";
				COPY_PHASE_STRIP = NO;
				DEBUG_INFORMATION_FORMAT = "dwarf-with-dsym";
				ENABLE_STRICT_OBJC_MSGSEND = YES;
				GCC_C_LANGUAGE_STANDARD = gnu99;
				GCC_DYNAMIC_NO_PIC = NO;
				GCC_NO_COMMON_BLOCKS = YES;
				GCC_OPTIMIZATION_LEVEL = 0;
				GCC_PREPROCESSOR_DEFINITIONS = (
					"DEBUG=1",
					"$(inherited)",
				);
				GCC_SYMBOLS_PRIVATE_EXTERN = NO;
				GCC_WARN_64_TO_32_BIT_CONVERSION = YES;
				GCC_WARN_ABOUT_RETURN_TYPE = YES_ERROR;
				GCC_WARN_UNDECLARED_SELECTOR = YES;
				GCC_WARN_UNINITIALIZED_AUTOS = YES_AGGRESSIVE;
				GCC_WARN_UNUSED_FUNCTION = YES;
				GCC_WARN_UNUSED_VARIABLE = YES;
				IPHONEOS_DEPLOYMENT_TARGET = 8.3;
				MTL_ENABLE_DEBUG_INFO = YES;
				ONLY_ACTIVE_ARCH = YES;
				SDKROOT = iphoneos;
				SWIFT_OPTIMIZATION_LEVEL = "-Onone";
			};
			name = Debug;
		};
		EB36C86B1B11728600251791 /* Release */ = {
			isa = XCBuildConfiguration;
			buildSettings = {
				ALWAYS_SEARCH_USER_PATHS = NO;
				CLANG_CXX_LANGUAGE_STANDARD = "gnu++0x";
				CLANG_CXX_LIBRARY = "libc++";
				CLANG_ENABLE_MODULES = YES;
				CLANG_ENABLE_OBJC_ARC = YES;
				CLANG_WARN_BOOL_CONVERSION = YES;
				CLANG_WARN_CONSTANT_CONVERSION = YES;
				CLANG_WARN_DIRECT_OBJC_ISA_USAGE = YES_ERROR;
				CLANG_WARN_EMPTY_BODY = YES;
				CLANG_WARN_ENUM_CONVERSION = YES;
				CLANG_WARN_INT_CONVERSION = YES;
				CLANG_WARN_OBJC_ROOT_CLASS = YES_ERROR;
				CLANG_WARN_UNREACHABLE_CODE = YES;
				CLANG_WARN__DUPLICATE_METHOD_MATCH = YES;
				"CODE_SIGN_IDENTITY[sdk=iphoneos*]" = "iPhone Developer";
				COPY_PHASE_STRIP = NO;
				DEBUG_INFORMATION_FORMAT = "dwarf-with-dsym";
				ENABLE_NS_ASSERTIONS = NO;
				ENABLE_STRICT_OBJC_MSGSEND = YES;
				GCC_C_LANGUAGE_STANDARD = gnu99;
				GCC_NO_COMMON_BLOCKS = YES;
				GCC_WARN_64_TO_32_BIT_CONVERSION = YES;
				GCC_WARN_ABOUT_RETURN_TYPE = YES_ERROR;
				GCC_WARN_UNDECLARED_SELECTOR = YES;
				GCC_WARN_UNINITIALIZED_AUTOS = YES_AGGRESSIVE;
				GCC_WARN_UNUSED_FUNCTION = YES;
				GCC_WARN_UNUSED_VARIABLE = YES;
				IPHONEOS_DEPLOYMENT_TARGET = 8.3;
				MTL_ENABLE_DEBUG_INFO = NO;
				SDKROOT = iphoneos;
				VALIDATE_PRODUCT = YES;
			};
			name = Release;
		};
		EB36C86D1B11728600251791 /* Debug */ = {
			isa = XCBuildConfiguration;
			buildSettings = {
				ASSETCATALOG_COMPILER_APPICON_NAME = AppIcon;
				INFOPLIST_FILE = HelloSwift/Info.plist;
				LD_RUNPATH_SEARCH_PATHS = "$(inherited) @executable_path/Frameworks";
				PRODUCT_NAME = "$(TARGET_NAME)";
			};
			name = Debug;
		};
		EB36C86E1B11728600251791 /* Release */ = {
			isa = XCBuildConfiguration;
			buildSettings = {
				ASSETCATALOG_COMPILER_APPICON_NAME = AppIcon;
				INFOPLIST_FILE = HelloSwift/Info.plist;
				LD_RUNPATH_SEARCH_PATHS = "$(inherited) @executable_path/Frameworks";
				PRODUCT_NAME = "$(TARGET_NAME)";
			};
			name = Release;
		};
		EB36C8701B11728600251791 /* Debug */ = {
			isa = XCBuildConfiguration;
			buildSettings = {
				BUNDLE_LOADER = "$(TEST_HOST)";
				FRAMEWORK_SEARCH_PATHS = (
					"$(SDKROOT)/Developer/Library/Frameworks",
					"$(inherited)",
				);
				GCC_PREPROCESSOR_DEFINITIONS = (
					"DEBUG=1",
					"$(inherited)",
				);
				INFOPLIST_FILE = HelloSwiftTests/Info.plist;
				LD_RUNPATH_SEARCH_PATHS = "$(inherited) @executable_path/Frameworks @loader_path/Frameworks";
				PRODUCT_NAME = "$(TARGET_NAME)";
				TEST_HOST = "$(BUILT_PRODUCTS_DIR)/HelloSwift.app/HelloSwift";
			};
			name = Debug;
		};
		EB36C8711B11728600251791 /* Release */ = {
			isa = XCBuildConfiguration;
			buildSettings = {
				BUNDLE_LOADER = "$(TEST_HOST)";
				FRAMEWORK_SEARCH_PATHS = (
					"$(SDKROOT)/Developer/Library/Frameworks",
					"$(inherited)",
				);
				INFOPLIST_FILE = HelloSwiftTests/Info.plist;
				LD_RUNPATH_SEARCH_PATHS = "$(inherited) @executable_path/Frameworks @loader_path/Frameworks";
				PRODUCT_NAME = "$(TARGET_NAME)";
				TEST_HOST = "$(BUILT_PRODUCTS_DIR)/HelloSwift.app/HelloSwift";
			};
			name = Release;
		};
/* End XCBuildConfiguration section */

/* Begin XCConfigurationList section */
		EB36C8481B11728500251791 /* Build configuration list for PBXProject "HelloSwift" */ = {
			isa = XCConfigurationList;
			buildConfigurations = (
				EB36C86A1B11728600251791 /* Debug */,
				EB36C86B1B11728600251791 /* Release */,
			);
			defaultConfigurationIsVisible = 0;
			defaultConfigurationName = Release;
		};
		EB36C86C1B11728600251791 /* Build configuration list for PBXNativeTarget "HelloSwift" */ = {
			isa = XCConfigurationList;
			buildConfigurations = (
				EB36C86D1B11728600251791 /* Debug */,
				EB36C86E1B11728600251791 /* Release */,
			);
			defaultConfigurationIsVisible = 0;
		};
		EB36C86F1B11728600251791 /* Build configuration list for PBXNativeTarget "HelloSwiftTests" */ = {
			isa = XCConfigurationList;
			buildConfigurations = (
				EB36C8701B11728600251791 /* Debug */,
				EB36C8711B11728600251791 /* Release */,
			);
			defaultConfigurationIsVisible = 0;
		};
/* End XCConfigurationList section */
	};
	rootObject = EB36C8451B11728500251791 /* Project object */;
}
